
Microsoft Visual Studio Solution File, Format Version 12.00
# Visual Studio 15
VisualStudioVersion = 15.0.27130.2024
MinimumVisualStudioVersion = 10.0.40219.1
Project("{8BC9CEB8-8B4A-11D0-8D11-00A0C91BC942}") = "baekjoon_2959", "baekjoon_2959\baekjoon_2959.vcxproj", "{931F14A3-0E8B-495C-A7FC-EC03A38B3B1D}"
EndProject
Global
	GlobalSection(SolutionConfigurationPlatforms) = preSolution
		Debug|x64 = Debug|x64
		Debug|x86 = Debug|x86
		Release|x64 = Release|x64
		Release|x86 = Release|x86
	EndGlobalSection
	GlobalSection(ProjectConfigurationPlatforms) = postSolution
		{931F14A3-0E8B-495C-A7FC-EC03A38B3B1D}.Debug|x64.ActiveCfg = Debug|x64
		{931F14A3-0E8B-495C-A7FC-EC03A38B3B1D}.Debug|x64.Build.0 = Debug|x64
		{931F14A3-0E8B-495C-A7FC-EC03A38B3B1D}.Debug|x86.ActiveCfg = Debug|Win32
		{931F14A3-0E8B-495C-A7FC-EC03A38B3B1D}.Debug|x86.Build.0 = Debug|Win32
		{931F14A3-0E8B-495C-A7FC-EC03A38B3B1D}.Release|x64.ActiveCfg = Release|x64
		{931F14A3-0E8B-495C-A7FC-EC03A38B3B1D}.Release|x64.Build.0 = Release|x64
		{931F14A3-0E8B-495C-A7FC-EC03A38B3B1D}.Release|x86.ActiveCfg = Release|Win32
		{931F14A3-0E8B-495C-A7FC-EC03A38B3B1D}.Release|x86.Build.0 = Release|Win32
	EndGlobalSection
	GlobalSection(SolutionProperties) = preSolution
		HideSolutionNode = FALSE
	EndGlobalSection
	GlobalSection(ExtensibilityGlobals) = postSolution
		SolutionGuid = {33F6E55A-D461-496A-A0E8-B4CB321FA3D9}
	EndGlobalSection
EndGlobal
